
Microsoft Visual Studio Solution File, Format Version 12.00
# Visual Studio Version 16
VisualStudioVersion = 16.0.30907.101
MinimumVisualStudioVersion = 10.0.40219.1
Project("{FAE04EC0-301F-11D3-BF4B-00C04F79EFBC}") = "ITMO.CSharp.WPF.Lab2_1", "ITMO.CSharp.WPF.Lab2_1.csproj", "{98FFEE0A-EC2E-4001-8865-9852BD620F6F}"
EndProject
Project("{FAE04EC0-301F-11D3-BF4B-00C04F79EFBC}") = "ITMO.CSharp.WPF.Lab2_2", "..\ITMO.CSharp.WPF.Lab2_2\ITMO.CSharp.WPF.Lab2_2.csproj", "{9613B391-15B6-4572-8D78-67896AB5C740}"
EndProject
Global
	GlobalSection(SolutionConfigurationPlatforms) = preSolution
		Debug|Any CPU = Debug|Any CPU
		Release|Any CPU = Release|Any CPU
	EndGlobalSection
	GlobalSection(ProjectConfigurationPlatforms) = postSolution
		{98FFEE0A-EC2E-4001-8865-9852BD620F6F}.Debug|Any CPU.ActiveCfg = Debug|Any CPU
		{98FFEE0A-EC2E-4001-8865-9852BD620F6F}.Debug|Any CPU.Build.0 = Debug|Any CPU
		{98FFEE0A-EC2E-4001-8865-9852BD620F6F}.Release|Any CPU.ActiveCfg = Release|Any CPU
		{98FFEE0A-EC2E-4001-8865-9852BD620F6F}.Release|Any CPU.Build.0 = Release|Any CPU
		{9613B391-15B6-4572-8D78-67896AB5C740}.Debug|Any CPU.ActiveCfg = Debug|Any CPU
		{9613B391-15B6-4572-8D78-67896AB5C740}.Debug|Any CPU.Build.0 = Debug|Any CPU
		{9613B391-15B6-4572-8D78-67896AB5C740}.Release|Any CPU.ActiveCfg = Release|Any CPU
		{9613B391-15B6-4572-8D78-67896AB5C740}.Release|Any CPU.Build.0 = Release|Any CPU
	EndGlobalSection
	GlobalSection(SolutionProperties) = preSolution
		HideSolutionNode = FALSE
	EndGlobalSection
	GlobalSection(ExtensibilityGlobals) = postSolution
		SolutionGuid = {4A96633C-641E-4E02-96E7-AA4AA43CD61B}
	EndGlobalSection
EndGlobal
